# @generated by Move, please check-in and do not edit manually.

[move]
version = 3
manifest_digest = "336DE7B84D4601346AA73CF7E471C1FBDA9B497DE4EF6A9ECFCC0A06E04F35F1"
deps_digest = "F8BBB0CCB2491CA29A3DF03D6F92277A4F3574266507ACD77214D37ECA3F3082"
dependencies = [
  { id = "Sui", name = "Sui" },
]

[[move.package]]
id = "MoveStdlib"
source = { git = "https://github.com/MystenLabs/sui.git", rev = "framework/testnet", subdir = "crates/sui-framework/packages/move-stdlib" }

[[move.package]]
id = "Sui"
source = { git = "https://github.com/MystenLabs/sui.git", rev = "framework/testnet", subdir = "crates/sui-framework/packages/sui-framework" }

dependencies = [
  { id = "MoveStdlib", name = "MoveStdlib" },
]

[move.toolchain-version]
compiler-version = "1.51.2"
edition = "2024"
flavor = "sui"

[env]

[env.devnet]
chain-id = "86d64380"
original-published-id = "0x922de7f7e8955ff1e343dc1144f14e701a89960084e075efd065a748f33734a0"
latest-published-id = "0x922de7f7e8955ff1e343dc1144f14e701a89960084e075efd065a748f33734a0"
published-version = "1"

[env.testnet]
chain-id = "4c78adac"
original-published-id = "0x1f366e28693ed636c85ddf975d09358ea9be376fddb9c0567b195bf04813d62e"
latest-published-id = "0x1f366e28693ed636c85ddf975d09358ea9be376fddb9c0567b195bf04813d62e"
published-version = "1"
